PODS:
  - AFDateHelper (4.2.4)
  - Realm (2.10.1):
    - Realm/Headers (= 2.10.1)
  - Realm/Headers (2.10.1)
  - RealmSwift (2.10.1):
    - Realm (= 2.10.1)

DEPENDENCIES:
  - AFDateHelper (~> 4.2.2)
  - RealmSwift

SPEC CHECKSUMS:
  AFDateHelper: fbbf706fc7ef3b12efb8c25493c8dc5b9d18f86a
  Realm: fc7a317a5c2c9ba91f5f235ede4e2ea76e9eba0c
  RealmSwift: 505ed6c15942a2e76f5cfa78a8667cfa997ee75b

PODFILE CHECKSUM: 67b95dbbe973ebaa768318b20614cda66e20b0ae

COCOAPODS: 1.2.0
